
Microsoft Visual Studio Solution File, Format Version 12.00
# Visual Studio Version 16
VisualStudioVersion = 16.0.29613.14
MinimumVisualStudioVersion = 10.0.40219.1
Project("{9A19103F-16F7-4668-BE54-9A1E7A4F7556}") = "CelsiusToFahrenheit", "CelsiusToFahrenheit\CelsiusToFahrenheit.csproj", "{F505A38C-D7B2-4BAD-B392-D83D3FAE9C6E}"
EndProject
Project("{9A19103F-16F7-4668-BE54-9A1E7A4F7556}") = "Elementary Operations", "Elementary Operations\Elementary Operations.csproj", "{A2ECAA73-CBBF-4D85-BE6B-94FBFF7CF376}"
EndProject
Project("{9A19103F-16F7-4668-BE54-9A1E7A4F7556}") = "Is result the same", "Is result the same\Is result the same.csproj", "{461BA73E-4994-4BAE-80CA-0EC00605CB01}"
EndProject
Project("{9A19103F-16F7-4668-BE54-9A1E7A4F7556}") = "Modulo Operation", "Modulo Operation\Modulo Operation.csproj", "{728445F9-7C75-468F-A0A4-08B9917CA457}"
EndProject
Project("{9A19103F-16F7-4668-BE54-9A1E7A4F7556}") = "The Cube Of", "The Cube Of\The Cube Of.csproj", "{27F4F845-1C06-46C7-A318-7BA44AD1EA2F}"
EndProject
Project("{9A19103F-16F7-4668-BE54-9A1E7A4F7556}") = "Swap Two Numbers", "Swap Two Numbers\Swap Two Numbers.csproj", "{F32F52CC-4105-49AC-AB4A-AA2E028D9E2F}"
EndProject
Project("{2150E333-8FDC-42A3-9474-1A3956D46DE8}") = "Basic C Sharp", "Basic C Sharp", "{2EF4598B-2D79-41BC-84FC-BAA3CC5A2D48}"
EndProject
Project("{9A19103F-16F7-4668-BE54-9A1E7A4F7556}") = "AddTwoThenMultiply", "AddTwoThenMultiply\AddTwoThenMultiply.csproj", "{7B8B573A-3CF9-4866-8AA5-676BEC9793F7}"
EndProject
Project("{2150E333-8FDC-42A3-9474-1A3956D46DE8}") = "C Sharp Excercises Conditional statements", "C Sharp Excercises Conditional statements", "{2461231B-571B-4789-A0C5-638C6A02867B}"
EndProject
Project("{9A19103F-16F7-4668-BE54-9A1E7A4F7556}") = "Absolute Value", "Absolute Value\Absolute Value.csproj", "{7D59EA92-5B9C-4F56-84AB-024B80A17251}"
EndProject
Project("{9A19103F-16F7-4668-BE54-9A1E7A4F7556}") = "DivisibleByTwoOrThree", "DivisibleByTwoOrThree\DivisibleByTwoOrThree.csproj", "{E38049DC-FD21-4C63-BF0B-D55B90FF8918}"
EndProject
Project("{FAE04EC0-301F-11D3-BF4B-00C04F79EFBC}") = "If Consists Of Uppercase Letters", "If Consists of uppercase letters\If Consists Of Uppercase Letters.csproj", "{B3894E16-721C-4493-832A-182F07659FDF}"
EndProject
Project("{FAE04EC0-301F-11D3-BF4B-00C04F79EFBC}") = "If Greater Than Third One", "If Greater Than Third ONe\If Greater Than Third One.csproj", "{0732B4D3-63CE-4408-82B8-4E405EE7D4A4}"
EndProject
Project("{FAE04EC0-301F-11D3-BF4B-00C04F79EFBC}") = "If Number Is Even", "If Number Is Even\If Number Is Even.csproj", "{99BFA6D0-2CEA-447C-8BE6-C5990766C2AE}"
EndProject
Project("{FAE04EC0-301F-11D3-BF4B-00C04F79EFBC}") = "If Sorted Ascending", "If Sorted Ascending\If Sorted Ascending.csproj", "{DE1EA3B6-A0B3-4408-BBFC-93C53D73D743}"
EndProject
Project("{FAE04EC0-301F-11D3-BF4B-00C04F79EFBC}") = "If Year Is Leap", "If Year Is Leap\If Year Is Leap.csproj", "{B179286A-D7ED-470A-8D21-CD3FF8ACACA5}"
EndProject
Project("{FAE04EC0-301F-11D3-BF4B-00C04F79EFBC}") = "Positive Negative Or Zero", "Positive Negative Or Zero\Positive Negative Or Zero.csproj", "{E01DE777-19BE-4794-83BA-8C2DC9C7AEA6}"
EndProject
Global
	GlobalSection(SolutionConfigurationPlatforms) = preSolution
		Debug|Any CPU = Debug|Any CPU
		Release|Any CPU = Release|Any CPU
	EndGlobalSection
	GlobalSection(ProjectConfigurationPlatforms) = postSolution
		{F505A38C-D7B2-4BAD-B392-D83D3FAE9C6E}.Debug|Any CPU.ActiveCfg = Debug|Any CPU
		{F505A38C-D7B2-4BAD-B392-D83D3FAE9C6E}.Debug|Any CPU.Build.0 = Debug|Any CPU
		{F505A38C-D7B2-4BAD-B392-D83D3FAE9C6E}.Release|Any CPU.ActiveCfg = Release|Any CPU
		{F505A38C-D7B2-4BAD-B392-D83D3FAE9C6E}.Release|Any CPU.Build.0 = Release|Any CPU
		{A2ECAA73-CBBF-4D85-BE6B-94FBFF7CF376}.Debug|Any CPU.ActiveCfg = Debug|Any CPU
		{A2ECAA73-CBBF-4D85-BE6B-94FBFF7CF376}.Debug|Any CPU.Build.0 = Debug|Any CPU
		{A2ECAA73-CBBF-4D85-BE6B-94FBFF7CF376}.Release|Any CPU.ActiveCfg = Release|Any CPU
		{A2ECAA73-CBBF-4D85-BE6B-94FBFF7CF376}.Release|Any CPU.Build.0 = Release|Any CPU
		{461BA73E-4994-4BAE-80CA-0EC00605CB01}.Debug|Any CPU.ActiveCfg = Debug|Any CPU
		{461BA73E-4994-4BAE-80CA-0EC00605CB01}.Debug|Any CPU.Build.0 = Debug|Any CPU
		{461BA73E-4994-4BAE-80CA-0EC00605CB01}.Release|Any CPU.ActiveCfg = Release|Any CPU
		{461BA73E-4994-4BAE-80CA-0EC00605CB01}.Release|Any CPU.Build.0 = Release|Any CPU
		{728445F9-7C75-468F-A0A4-08B9917CA457}.Debug|Any CPU.ActiveCfg = Debug|Any CPU
		{728445F9-7C75-468F-A0A4-08B9917CA457}.Debug|Any CPU.Build.0 = Debug|Any CPU
		{728445F9-7C75-468F-A0A4-08B9917CA457}.Release|Any CPU.ActiveCfg = Release|Any CPU
		{728445F9-7C75-468F-A0A4-08B9917CA457}.Release|Any CPU.Build.0 = Release|Any CPU
		{27F4F845-1C06-46C7-A318-7BA44AD1EA2F}.Debug|Any CPU.ActiveCfg = Debug|Any CPU
		{27F4F845-1C06-46C7-A318-7BA44AD1EA2F}.Debug|Any CPU.Build.0 = Debug|Any CPU
		{27F4F845-1C06-46C7-A318-7BA44AD1EA2F}.Release|Any CPU.ActiveCfg = Release|Any CPU
		{27F4F845-1C06-46C7-A318-7BA44AD1EA2F}.Release|Any CPU.Build.0 = Release|Any CPU
		{F32F52CC-4105-49AC-AB4A-AA2E028D9E2F}.Debug|Any CPU.ActiveCfg = Debug|Any CPU
		{F32F52CC-4105-49AC-AB4A-AA2E028D9E2F}.Debug|Any CPU.Build.0 = Debug|Any CPU
		{F32F52CC-4105-49AC-AB4A-AA2E028D9E2F}.Release|Any CPU.ActiveCfg = Release|Any CPU
		{F32F52CC-4105-49AC-AB4A-AA2E028D9E2F}.Release|Any CPU.Build.0 = Release|Any CPU
		{7B8B573A-3CF9-4866-8AA5-676BEC9793F7}.Debug|Any CPU.ActiveCfg = Debug|Any CPU
		{7B8B573A-3CF9-4866-8AA5-676BEC9793F7}.Debug|Any CPU.Build.0 = Debug|Any CPU
		{7B8B573A-3CF9-4866-8AA5-676BEC9793F7}.Release|Any CPU.ActiveCfg = Release|Any CPU
		{7B8B573A-3CF9-4866-8AA5-676BEC9793F7}.Release|Any CPU.Build.0 = Release|Any CPU
		{7D59EA92-5B9C-4F56-84AB-024B80A17251}.Debug|Any CPU.ActiveCfg = Debug|Any CPU
		{7D59EA92-5B9C-4F56-84AB-024B80A17251}.Debug|Any CPU.Build.0 = Debug|Any CPU
		{7D59EA92-5B9C-4F56-84AB-024B80A17251}.Release|Any CPU.ActiveCfg = Release|Any CPU
		{7D59EA92-5B9C-4F56-84AB-024B80A17251}.Release|Any CPU.Build.0 = Release|Any CPU
		{E38049DC-FD21-4C63-BF0B-D55B90FF8918}.Debug|Any CPU.ActiveCfg = Debug|Any CPU
		{E38049DC-FD21-4C63-BF0B-D55B90FF8918}.Debug|Any CPU.Build.0 = Debug|Any CPU
		{E38049DC-FD21-4C63-BF0B-D55B90FF8918}.Release|Any CPU.ActiveCfg = Release|Any CPU
		{E38049DC-FD21-4C63-BF0B-D55B90FF8918}.Release|Any CPU.Build.0 = Release|Any CPU
		{B3894E16-721C-4493-832A-182F07659FDF}.Debug|Any CPU.ActiveCfg = Debug|Any CPU
		{B3894E16-721C-4493-832A-182F07659FDF}.Debug|Any CPU.Build.0 = Debug|Any CPU
		{B3894E16-721C-4493-832A-182F07659FDF}.Release|Any CPU.ActiveCfg = Release|Any CPU
		{B3894E16-721C-4493-832A-182F07659FDF}.Release|Any CPU.Build.0 = Release|Any CPU
		{0732B4D3-63CE-4408-82B8-4E405EE7D4A4}.Debug|Any CPU.ActiveCfg = Debug|Any CPU
		{0732B4D3-63CE-4408-82B8-4E405EE7D4A4}.Debug|Any CPU.Build.0 = Debug|Any CPU
		{0732B4D3-63CE-4408-82B8-4E405EE7D4A4}.Release|Any CPU.ActiveCfg = Release|Any CPU
		{0732B4D3-63CE-4408-82B8-4E405EE7D4A4}.Release|Any CPU.Build.0 = Release|Any CPU
		{99BFA6D0-2CEA-447C-8BE6-C5990766C2AE}.Debug|Any CPU.ActiveCfg = Debug|Any CPU
		{99BFA6D0-2CEA-447C-8BE6-C5990766C2AE}.Debug|Any CPU.Build.0 = Debug|Any CPU
		{99BFA6D0-2CEA-447C-8BE6-C5990766C2AE}.Release|Any CPU.ActiveCfg = Release|Any CPU
		{99BFA6D0-2CEA-447C-8BE6-C5990766C2AE}.Release|Any CPU.Build.0 = Release|Any CPU
		{DE1EA3B6-A0B3-4408-BBFC-93C53D73D743}.Debug|Any CPU.ActiveCfg = Debug|Any CPU
		{DE1EA3B6-A0B3-4408-BBFC-93C53D73D743}.Debug|Any CPU.Build.0 = Debug|Any CPU
		{DE1EA3B6-A0B3-4408-BBFC-93C53D73D743}.Release|Any CPU.ActiveCfg = Release|Any CPU
		{DE1EA3B6-A0B3-4408-BBFC-93C53D73D743}.Release|Any CPU.Build.0 = Release|Any CPU
		{B179286A-D7ED-470A-8D21-CD3FF8ACACA5}.Debug|Any CPU.ActiveCfg = Debug|Any CPU
		{B179286A-D7ED-470A-8D21-CD3FF8ACACA5}.Debug|Any CPU.Build.0 = Debug|Any CPU
		{B179286A-D7ED-470A-8D21-CD3FF8ACACA5}.Release|Any CPU.ActiveCfg = Release|Any CPU
		{B179286A-D7ED-470A-8D21-CD3FF8ACACA5}.Release|Any CPU.Build.0 = Release|Any CPU
		{E01DE777-19BE-4794-83BA-8C2DC9C7AEA6}.Debug|Any CPU.ActiveCfg = Debug|Any CPU
		{E01DE777-19BE-4794-83BA-8C2DC9C7AEA6}.Debug|Any CPU.Build.0 = Debug|Any CPU
		{E01DE777-19BE-4794-83BA-8C2DC9C7AEA6}.Release|Any CPU.ActiveCfg = Release|Any CPU
		{E01DE777-19BE-4794-83BA-8C2DC9C7AEA6}.Release|Any CPU.Build.0 = Release|Any CPU
	EndGlobalSection
	GlobalSection(SolutionProperties) = preSolution
		HideSolutionNode = FALSE
	EndGlobalSection
	GlobalSection(NestedProjects) = preSolution
		{F505A38C-D7B2-4BAD-B392-D83D3FAE9C6E} = {2EF4598B-2D79-41BC-84FC-BAA3CC5A2D48}
		{A2ECAA73-CBBF-4D85-BE6B-94FBFF7CF376} = {2EF4598B-2D79-41BC-84FC-BAA3CC5A2D48}
		{461BA73E-4994-4BAE-80CA-0EC00605CB01} = {2EF4598B-2D79-41BC-84FC-BAA3CC5A2D48}
		{728445F9-7C75-468F-A0A4-08B9917CA457} = {2EF4598B-2D79-41BC-84FC-BAA3CC5A2D48}
		{27F4F845-1C06-46C7-A318-7BA44AD1EA2F} = {2EF4598B-2D79-41BC-84FC-BAA3CC5A2D48}
		{F32F52CC-4105-49AC-AB4A-AA2E028D9E2F} = {2EF4598B-2D79-41BC-84FC-BAA3CC5A2D48}
		{7B8B573A-3CF9-4866-8AA5-676BEC9793F7} = {2EF4598B-2D79-41BC-84FC-BAA3CC5A2D48}
		{7D59EA92-5B9C-4F56-84AB-024B80A17251} = {2461231B-571B-4789-A0C5-638C6A02867B}
		{E38049DC-FD21-4C63-BF0B-D55B90FF8918} = {2461231B-571B-4789-A0C5-638C6A02867B}
		{B3894E16-721C-4493-832A-182F07659FDF} = {2461231B-571B-4789-A0C5-638C6A02867B}
		{0732B4D3-63CE-4408-82B8-4E405EE7D4A4} = {2461231B-571B-4789-A0C5-638C6A02867B}
		{99BFA6D0-2CEA-447C-8BE6-C5990766C2AE} = {2461231B-571B-4789-A0C5-638C6A02867B}
		{DE1EA3B6-A0B3-4408-BBFC-93C53D73D743} = {2461231B-571B-4789-A0C5-638C6A02867B}
		{B179286A-D7ED-470A-8D21-CD3FF8ACACA5} = {2461231B-571B-4789-A0C5-638C6A02867B}
		{E01DE777-19BE-4794-83BA-8C2DC9C7AEA6} = {2461231B-571B-4789-A0C5-638C6A02867B}
	EndGlobalSection
	GlobalSection(ExtensibilityGlobals) = postSolution
		SolutionGuid = {B811C158-9E44-4F73-986E-11B9AA3633D3}
	EndGlobalSection
EndGlobal
